{
  "nodes": {
    "flakes": {
      "locked": {
        "lastModified": 1698662459,
        "narHash": "sha256-Z+4uzqTsfx1WRXXCT3grftYPNfhOLP4K8KYfwEqf89E=",
        "owner": "deemp",
        "repo": "flakes",
        "rev": "4b03c08e34f9e619340470efa64f77a031ab4f80",
        "type": "github"
      },
      "original": {
        "owner": "deemp",
        "repo": "flakes",
        "type": "github"
      }
    },
    "root": {
      "inputs": {
        "flakes": "flakes"
      }
    }
  },
  "root": "root",
  "version": 7
}
